
Microsoft Visual Studio Solution File, Format Version 12.00
# Visual Studio Version 17
VisualStudioVersion = 17.3.32929.385
MinimumVisualStudioVersion = 10.0.40219.1
Project("{FAE04EC0-301F-11D3-BF4B-00C04F79EFBC}") = "TechLiftDay2Functions", "TechLiftDay2Functions\TechLiftDay2Functions.csproj", "{349DAE23-B435-4DC0-8B2D-547B996F3C6D}"
EndProject
Global
	GlobalSection(SolutionConfigurationPlatforms) = preSolution
		Debug|Any CPU = Debug|Any CPU
		Release|Any CPU = Release|Any CPU
	EndGlobalSection
	GlobalSection(ProjectConfigurationPlatforms) = postSolution
		{349DAE23-B435-4DC0-8B2D-547B996F3C6D}.Debug|Any CPU.ActiveCfg = Debug|Any CPU
		{349DAE23-B435-4DC0-8B2D-547B996F3C6D}.Debug|Any CPU.Build.0 = Debug|Any CPU
		{349DAE23-B435-4DC0-8B2D-547B996F3C6D}.Release|Any CPU.ActiveCfg = Release|Any CPU
		{349DAE23-B435-4DC0-8B2D-547B996F3C6D}.Release|Any CPU.Build.0 = Release|Any CPU
	EndGlobalSection
	GlobalSection(SolutionProperties) = preSolution
		HideSolutionNode = FALSE
	EndGlobalSection
	GlobalSection(ExtensibilityGlobals) = postSolution
		SolutionGuid = {6DFCC7C6-5B56-412D-975C-4AFAE6F0B5B5}
	EndGlobalSection
EndGlobal
